{
  "originHash" : "0ed4a2d2f601f289b89dd5092eafc50c706c99b154fb501d4bfe34143e0d8234",
  "pins" : [
    {
      "identity" : "alamofire",
      "kind" : "remoteSourceControl",
      "location" : "https://github.com/Alamofire/Alamofire.git",
      "state" : {
        "revision" : "f455c2975872ccd2d9c81594c658af65716e9b9a",
        "version" : "5.9.1"
      }
    },
    {
      "identity" : "highcharts-ios",
      "kind" : "remoteSourceControl",
      "location" : "https://github.com/highcharts/highcharts-ios",
      "state" : {
        "revision" : "8963b14310e2ef3fa415ea68511714888a1c1c32",
        "version" : "11.4.1"
      }
    }
  ],
  "version" : 3
}
